
Microsoft Visual Studio Solution File, Format Version 12.00
# Visual Studio Version 17
VisualStudioVersion = 17.3.32901.215
MinimumVisualStudioVersion = 10.0.40219.1
Project("{2150E333-8FDC-42A3-9474-1A3956D46DE8}") = "src", "src", "{E5F9C583-039E-4C6C-B37A-E0E73A989107}"
EndProject
Project("{9A19103F-16F7-4668-BE54-9A1E7A4F7556}") = "MySpot.Api", "src\MySpot.Api\MySpot.Api.csproj", "{5E4DD256-0A21-4AF0-AEC9-04B632CEEECB}"
EndProject
Project("{2150E333-8FDC-42A3-9474-1A3956D46DE8}") = "tests", "tests", "{2967514C-111D-4C25-BC2F-827C4B31BDBC}"
EndProject
Project("{9A19103F-16F7-4668-BE54-9A1E7A4F7556}") = "MySpot.Tests.Unit", "tests\MySpot.Tests.Unit\MySpot.Tests.Unit.csproj", "{D7B17960-C732-40DD-A5FA-8B6DA92761B6}"
EndProject
Project("{9A19103F-16F7-4668-BE54-9A1E7A4F7556}") = "MySpot.Core", "src\MySpot.Core\MySpot.Core.csproj", "{243D278B-6A6F-4C0D-96E9-FCC4F30D7E16}"
EndProject
Project("{9A19103F-16F7-4668-BE54-9A1E7A4F7556}") = "MySpot.Application", "src\MySpot.Application\MySpot.Application.csproj", "{C0C16E8C-8F20-45D8-AF55-6341F27C96ED}"
EndProject
Project("{9A19103F-16F7-4668-BE54-9A1E7A4F7556}") = "MySpot.Infrastructure", "src\MySpot.Infrastructure\MySpot.Infrastructure.csproj", "{E028914E-A2D1-4DAF-84C8-4E52C241ACA4}"
EndProject
Project("{FAE04EC0-301F-11D3-BF4B-00C04F79EFBC}") = "MySpot.Tests.Integration", "MySpot.Tests.Integration\MySpot.Tests.Integration.csproj", "{788750B6-13F9-4AAE-9549-652430278262}"
EndProject
Global
	GlobalSection(SolutionConfigurationPlatforms) = preSolution
		Debug|Any CPU = Debug|Any CPU
		Release|Any CPU = Release|Any CPU
	EndGlobalSection
	GlobalSection(ProjectConfigurationPlatforms) = postSolution
		{5E4DD256-0A21-4AF0-AEC9-04B632CEEECB}.Debug|Any CPU.ActiveCfg = Debug|Any CPU
		{5E4DD256-0A21-4AF0-AEC9-04B632CEEECB}.Debug|Any CPU.Build.0 = Debug|Any CPU
		{5E4DD256-0A21-4AF0-AEC9-04B632CEEECB}.Release|Any CPU.ActiveCfg = Release|Any CPU
		{5E4DD256-0A21-4AF0-AEC9-04B632CEEECB}.Release|Any CPU.Build.0 = Release|Any CPU
		{D7B17960-C732-40DD-A5FA-8B6DA92761B6}.Debug|Any CPU.ActiveCfg = Debug|Any CPU
		{D7B17960-C732-40DD-A5FA-8B6DA92761B6}.Debug|Any CPU.Build.0 = Debug|Any CPU
		{D7B17960-C732-40DD-A5FA-8B6DA92761B6}.Release|Any CPU.ActiveCfg = Release|Any CPU
		{D7B17960-C732-40DD-A5FA-8B6DA92761B6}.Release|Any CPU.Build.0 = Release|Any CPU
		{243D278B-6A6F-4C0D-96E9-FCC4F30D7E16}.Debug|Any CPU.ActiveCfg = Debug|Any CPU
		{243D278B-6A6F-4C0D-96E9-FCC4F30D7E16}.Debug|Any CPU.Build.0 = Debug|Any CPU
		{243D278B-6A6F-4C0D-96E9-FCC4F30D7E16}.Release|Any CPU.ActiveCfg = Release|Any CPU
		{243D278B-6A6F-4C0D-96E9-FCC4F30D7E16}.Release|Any CPU.Build.0 = Release|Any CPU
		{C0C16E8C-8F20-45D8-AF55-6341F27C96ED}.Debug|Any CPU.ActiveCfg = Debug|Any CPU
		{C0C16E8C-8F20-45D8-AF55-6341F27C96ED}.Debug|Any CPU.Build.0 = Debug|Any CPU
		{C0C16E8C-8F20-45D8-AF55-6341F27C96ED}.Release|Any CPU.ActiveCfg = Release|Any CPU
		{C0C16E8C-8F20-45D8-AF55-6341F27C96ED}.Release|Any CPU.Build.0 = Release|Any CPU
		{E028914E-A2D1-4DAF-84C8-4E52C241ACA4}.Debug|Any CPU.ActiveCfg = Debug|Any CPU
		{E028914E-A2D1-4DAF-84C8-4E52C241ACA4}.Debug|Any CPU.Build.0 = Debug|Any CPU
		{E028914E-A2D1-4DAF-84C8-4E52C241ACA4}.Release|Any CPU.ActiveCfg = Release|Any CPU
		{E028914E-A2D1-4DAF-84C8-4E52C241ACA4}.Release|Any CPU.Build.0 = Release|Any CPU
		{788750B6-13F9-4AAE-9549-652430278262}.Debug|Any CPU.ActiveCfg = Debug|Any CPU
		{788750B6-13F9-4AAE-9549-652430278262}.Debug|Any CPU.Build.0 = Debug|Any CPU
		{788750B6-13F9-4AAE-9549-652430278262}.Release|Any CPU.ActiveCfg = Release|Any CPU
		{788750B6-13F9-4AAE-9549-652430278262}.Release|Any CPU.Build.0 = Release|Any CPU
	EndGlobalSection
	GlobalSection(SolutionProperties) = preSolution
		HideSolutionNode = FALSE
	EndGlobalSection
	GlobalSection(NestedProjects) = preSolution
		{5E4DD256-0A21-4AF0-AEC9-04B632CEEECB} = {E5F9C583-039E-4C6C-B37A-E0E73A989107}
		{D7B17960-C732-40DD-A5FA-8B6DA92761B6} = {2967514C-111D-4C25-BC2F-827C4B31BDBC}
		{243D278B-6A6F-4C0D-96E9-FCC4F30D7E16} = {E5F9C583-039E-4C6C-B37A-E0E73A989107}
		{C0C16E8C-8F20-45D8-AF55-6341F27C96ED} = {E5F9C583-039E-4C6C-B37A-E0E73A989107}
		{E028914E-A2D1-4DAF-84C8-4E52C241ACA4} = {E5F9C583-039E-4C6C-B37A-E0E73A989107}
		{788750B6-13F9-4AAE-9549-652430278262} = {2967514C-111D-4C25-BC2F-827C4B31BDBC}
	EndGlobalSection
	GlobalSection(ExtensibilityGlobals) = postSolution
		SolutionGuid = {006D2E32-0C02-493B-8F2A-65D8F595DFDC}
	EndGlobalSection
EndGlobal
